// !$*UTF8*$!
{
	archiveVersion = 1;
	classes = {
	};
	objectVersion = 46;
	objects = {

/* Begin PBXBuildFile section */
		1D727FFF197B9770007FF326 /* Cocoa.framework in Frameworks */ = {isa = PBXBuildFile; fileRef = 1D727FFE197B9770007FF326 /* Cocoa.framework */; };
		1D728009197B9770007FF326 /* InfoPlist.strings in Resources */ = {isa = PBXBuildFile; fileRef = 1D728007197B9770007FF326 /* InfoPlist.strings */; };
		1D72800B197B9770007FF326 /* main.m in Sources */ = {isa = PBXBuildFile; fileRef = 1D72800A197B9770007FF326 /* main.m */; };
		1D72800F197B9770007FF326 /* Credits.rtf in Resources */ = {isa = PBXBuildFile; fileRef = 1D72800D197B9770007FF326 /* Credits.rtf */; };
		1D728012197B9770007FF326 /* HW2AppDelegate.m in Sources */ = {isa = PBXBuildFile; fileRef = 1D728011197B9770007FF326 /* HW2AppDelegate.m */; };
		1D728015197B9770007FF326 /* MainMenu.xib in Resources */ = {isa = PBXBuildFile; fileRef = 1D728013197B9770007FF326 /* MainMenu.xib */; };
		1D728017197B9770007FF326 /* Images.xcassets in Resources */ = {isa = PBXBuildFile; fileRef = 1D728016197B9770007FF326 /* Images.xcassets */; };
		1D72801E197B9770007FF326 /* XCTest.framework in Frameworks */ = {isa = PBXBuildFile; fileRef = 1D72801D197B9770007FF326 /* XCTest.framework */; };
		1D72801F197B9770007FF326 /* Cocoa.framework in Frameworks */ = {isa = PBXBuildFile; fileRef = 1D727FFE197B9770007FF326 /* Cocoa.framework */; };
		1D728027197B9770007FF326 /* InfoPlist.strings in Resources */ = {isa = PBXBuildFile; fileRef = 1D728025197B9770007FF326 /* InfoPlist.strings */; };
		1D728029197B9770007FF326 /* UW_iPhone120_HW2_AncilMarshallTests.m in Sources */ = {isa = PBXBuildFile; fileRef = 1D728028197B9770007FF326 /* UW_iPhone120_HW2_AncilMarshallTests.m */; };
		1D728034197B996C007FF326 /* HW2TodoItem.m in Sources */ = {isa = PBXBuildFile; fileRef = 1D728033197B996C007FF326 /* HW2TodoItem.m */; };
		1D728037197BA5ED007FF326 /* HW2TodoList.m in Sources */ = {isa = PBXBuildFile; fileRef = 1D728036197BA5ED007FF326 /* HW2TodoList.m */; };
/* End PBXBuildFile section */

/* Begin PBXContainerItemProxy section */
		1D728020197B9770007FF326 /* PBXContainerItemProxy */ = {
			isa = PBXContainerItemProxy;
			containerPortal = 1D727FF3197B9770007FF326 /* Project object */;
			proxyType = 1;
			remoteGlobalIDString = 1D727FFA197B9770007FF326;
			remoteInfo = "UW-iPhone120-HW2-AncilMarshall";
		};
/* End PBXContainerItemProxy section */

/* Begin PBXFileReference section */
		1D727FFB197B9770007FF326 /* UW-iPhone120-HW2-AncilMarshall.app */ = {isa = PBXFileReference; explicitFileType = wrapper.application; includeInIndex = 0; path = "UW-iPhone120-HW2-AncilMarshall.app"; sourceTree = BUILT_PRODUCTS_DIR; };
		1D727FFE197B9770007FF326 /* Cocoa.framework */ = {isa = PBXFileReference; lastKnownFileType = wrapper.framework; name = Cocoa.framework; path = System/Library/Frameworks/Cocoa.framework; sourceTree = SDKROOT; };
		1D728001197B9770007FF326 /* AppKit.framework */ = {isa = PBXFileReference; lastKnownFileType = wrapper.framework; name = AppKit.framework; path = System/Library/Frameworks/AppKit.framework; sourceTree = SDKROOT; };
		1D728002197B9770007FF326 /* CoreData.framework */ = {isa = PBXFileReference; lastKnownFileType = wrapper.framework; name = CoreData.framework; path = System/Library/Frameworks/CoreData.framework; sourceTree = SDKROOT; };
		1D728003197B9770007FF326 /* Foundation.framework */ = {isa = PBXFileReference; lastKnownFileType = wrapper.framework; name = Foundation.framework; path = System/Library/Frameworks/Foundation.framework; sourceTree = SDKROOT; };
		1D728006197B9770007FF326 /* UW-iPhone120-HW2-AncilMarshall-Info.plist */ = {isa = PBXFileReference; lastKnownFileType = text.plist.xml; path = "UW-iPhone120-HW2-AncilMarshall-Info.plist"; sourceTree = "<group>"; };
		1D728008197B9770007FF326 /* en */ = {isa = PBXFileReference; lastKnownFileType = text.plist.strings; name = en; path = en.lproj/InfoPlist.strings; sourceTree = "<group>"; };
		1D72800A197B9770007FF326 /* main.m */ = {isa = PBXFileReference; lastKnownFileType = sourcecode.c.objc; path = main.m; sourceTree = "<group>"; };
		1D72800C197B9770007FF326 /* UW-iPhone120-HW2-AncilMarshall-Prefix.pch */ = {isa = PBXFileReference; lastKnownFileType = sourcecode.c.h; path = "UW-iPhone120-HW2-AncilMarshall-Prefix.pch"; sourceTree = "<group>"; };
		1D72800E197B9770007FF326 /* en */ = {isa = PBXFileReference; lastKnownFileType = text.rtf; name = en; path = en.lproj/Credits.rtf; sourceTree = "<group>"; };
		1D728010197B9770007FF326 /* HW2AppDelegate.h */ = {isa = PBXFileReference; lastKnownFileType = sourcecode.c.h; path = HW2AppDelegate.h; sourceTree = "<group>"; };
		1D728011197B9770007FF326 /* HW2AppDelegate.m */ = {isa = PBXFileReference; lastKnownFileType = sourcecode.c.objc; path = HW2AppDelegate.m; sourceTree = "<group>"; };
		1D728014197B9770007FF326 /* Base */ = {isa = PBXFileReference; lastKnownFileType = file.xib; name = Base; path = Base.lproj/MainMenu.xib; sourceTree = "<group>"; };
		1D728016197B9770007FF326 /* Images.xcassets */ = {isa = PBXFileReference; lastKnownFileType = folder.assetcatalog; path = Images.xcassets; sourceTree = "<group>"; };
		1D72801C197B9770007FF326 /* UW-iPhone120-HW2-AncilMarshallTests.xctest */ = {isa = PBXFileReference; explicitFileType = wrapper.cfbundle; includeInIndex = 0; path = "UW-iPhone120-HW2-AncilMarshallTests.xctest"; sourceTree = BUILT_PRODUCTS_DIR; };
		1D72801D197B9770007FF326 /* XCTest.framework */ = {isa = PBXFileReference; lastKnownFileType = wrapper.framework; name = XCTest.framework; path = Library/Frameworks/XCTest.framework; sourceTree = DEVELOPER_DIR; };
		1D728024197B9770007FF326 /* UW-iPhone120-HW2-AncilMarshallTests-Info.plist */ = {isa = PBXFileReference; lastKnownFileType = text.plist.xml; path = "UW-iPhone120-HW2-AncilMarshallTests-Info.plist"; sourceTree = "<group>"; };
		1D728026197B9770007FF326 /* en */ = {isa = PBXFileReference; lastKnownFileType = text.plist.strings; name = en; path = en.lproj/InfoPlist.strings; sourceTree = "<group>"; };
		1D728028197B9770007FF326 /* UW_iPhone120_HW2_AncilMarshallTests.m */ = {isa = PBXFileReference; lastKnownFileType = sourcecode.c.objc; path = UW_iPhone120_HW2_AncilMarshallTests.m; sourceTree = "<group>"; };
		1D728032197B996C007FF326 /* HW2TodoItem.h */ = {isa = PBXFileReference; fileEncoding = 4; lastKnownFileType = sourcecode.c.h; path = HW2TodoItem.h; sourceTree = "<group>"; };
		1D728033197B996C007FF326 /* HW2TodoItem.m */ = {isa = PBXFileReference; fileEncoding = 4; lastKnownFileType = sourcecode.c.objc; path = HW2TodoItem.m; sourceTree = "<group>"; };
		1D728035197BA5ED007FF326 /* HW2TodoList.h */ = {isa = PBXFileReference; fileEncoding = 4; lastKnownFileType = sourcecode.c.h; path = HW2TodoList.h; sourceTree = "<group>"; };
		1D728036197BA5ED007FF326 /* HW2TodoList.m */ = {isa = PBXFileReference; fileEncoding = 4; lastKnownFileType = sourcecode.c.objc; path = HW2TodoList.m; sourceTree = "<group>"; };
/* End PBXFileReference section */

/* Begin PBXFrameworksBuildPhase section */
		1D727FF8197B9770007FF326 /* Frameworks */ = {
			isa = PBXFrameworksBuildPhase;
			buildActionMask = 2147483647;
			files = (
				1D727FFF197B9770007FF326 /* Cocoa.framework in Frameworks */,
			);
			runOnlyForDeploymentPostprocessing = 0;
		};
		1D728019197B9770007FF326 /* Frameworks */ = {
			isa = PBXFrameworksBuildPhase;
			buildActionMask = 2147483647;
			files = (
				1D72801F197B9770007FF326 /* Cocoa.framework in Frameworks */,
				1D72801E197B9770007FF326 /* XCTest.framework in Frameworks */,
			);
			runOnlyForDeploymentPostprocessing = 0;
		};
/* End PBXFrameworksBuildPhase section */

/* Begin PBXGroup section */
		1D727FF2197B9770007FF326 = {
			isa = PBXGroup;
			children = (
				1D728004197B9770007FF326 /* UW-iPhone120-HW2-AncilMarshall */,
				1D728022197B9770007FF326 /* UW-iPhone120-HW2-AncilMarshallTests */,
				1D727FFD197B9770007FF326 /* Frameworks */,
				1D727FFC197B9770007FF326 /* Products */,
			);
			sourceTree = "<group>";
		};
		1D727FFC197B9770007FF326 /* Products */ = {
			isa = PBXGroup;
			children = (
				1D727FFB197B9770007FF326 /* UW-iPhone120-HW2-AncilMarshall.app */,
				1D72801C197B9770007FF326 /* UW-iPhone120-HW2-AncilMarshallTests.xctest */,
			);
			name = Products;
			sourceTree = "<group>";
		};
		1D727FFD197B9770007FF326 /* Frameworks */ = {
			isa = PBXGroup;
			children = (
				1D727FFE197B9770007FF326 /* Cocoa.framework */,
				1D72801D197B9770007FF326 /* XCTest.framework */,
				1D728000197B9770007FF326 /* Other Frameworks */,
			);
			name = Frameworks;
			sourceTree = "<group>";
		};
		1D728000197B9770007FF326 /* Other Frameworks */ = {
			isa = PBXGroup;
			children = (
				1D728001197B9770007FF326 /* AppKit.framework */,
				1D728002197B9770007FF326 /* CoreData.framework */,
				1D728003197B9770007FF326 /* Foundation.framework */,
			);
			name = "Other Frameworks";
			sourceTree = "<group>";
		};
		1D728004197B9770007FF326 /* UW-iPhone120-HW2-AncilMarshall */ = {
			isa = PBXGroup;
			children = (
				1D728032197B996C007FF326 /* HW2TodoItem.h */,
				1D728033197B996C007FF326 /* HW2TodoItem.m */,
				1D728035197BA5ED007FF326 /* HW2TodoList.h */,
				1D728036197BA5ED007FF326 /* HW2TodoList.m */,
				1D728010197B9770007FF326 /* HW2AppDelegate.h */,
				1D728011197B9770007FF326 /* HW2AppDelegate.m */,
				1D728013197B9770007FF326 /* MainMenu.xib */,
				1D728016197B9770007FF326 /* Images.xcassets */,
				1D728005197B9770007FF326 /* Supporting Files */,
			);
			path = "UW-iPhone120-HW2-AncilMarshall";
			sourceTree = "<group>";
		};
		1D728005197B9770007FF326 /* Supporting Files */ = {
			isa = PBXGroup;
			children = (
				1D728006197B9770007FF326 /* UW-iPhone120-HW2-AncilMarshall-Info.plist */,
				1D728007197B9770007FF326 /* InfoPlist.strings */,
				1D72800A197B9770007FF326 /* main.m */,
				1D72800C197B9770007FF326 /* UW-iPhone120-HW2-AncilMarshall-Prefix.pch */,
				1D72800D197B9770007FF326 /* Credits.rtf */,
			);
			name = "Supporting Files";
			sourceTree = "<group>";
		};
		1D728022197B9770007FF326 /* UW-iPhone120-HW2-AncilMarshallTests */ = {
			isa = PBXGroup;
			children = (
				1D728028197B9770007FF326 /* UW_iPhone120_HW2_AncilMarshallTests.m */,
				1D728023197B9770007FF326 /* Supporting Files */,
			);
			path = "UW-iPhone120-HW2-AncilMarshallTests";
			sourceTree = "<group>";
		};
		1D728023197B9770007FF326 /* Supporting Files */ = {
			isa = PBXGroup;
			children = (
				1D728024197B9770007FF326 /* UW-iPhone120-HW2-AncilMarshallTests-Info.plist */,
				1D728025197B9770007FF326 /* InfoPlist.strings */,
			);
			name = "Supporting Files";
			sourceTree = "<group>";
		};
/* End PBXGroup section */

/* Begin PBXNativeTarget section */
		1D727FFA197B9770007FF326 /* UW-iPhone120-HW2-AncilMarshall */ = {
			isa = PBXNativeTarget;
			buildConfigurationList = 1D72802C197B9770007FF326 /* Build configuration list for PBXNativeTarget "UW-iPhone120-HW2-AncilMarshall" */;
			buildPhases = (
				1D727FF7197B9770007FF326 /* Sources */,
				1D727FF8197B9770007FF326 /* Frameworks */,
				1D727FF9197B9770007FF326 /* Resources */,
			);
			buildRules = (
			);
			dependencies = (
			);
			name = "UW-iPhone120-HW2-AncilMarshall";
			productName = "UW-iPhone120-HW2-AncilMarshall";
			productReference = 1D727FFB197B9770007FF326 /* UW-iPhone120-HW2-AncilMarshall.app */;
			productType = "com.apple.product-type.application";
		};
		1D72801B197B9770007FF326 /* UW-iPhone120-HW2-AncilMarshallTests */ = {
			isa = PBXNativeTarget;
			buildConfigurationList = 1D72802F197B9770007FF326 /* Build configuration list for PBXNativeTarget "UW-iPhone120-HW2-AncilMarshallTests" */;
			buildPhases = (
				1D728018197B9770007FF326 /* Sources */,
				1D728019197B9770007FF326 /* Frameworks */,
				1D72801A197B9770007FF326 /* Resources */,
			);
			buildRules = (
			);
			dependencies = (
				1D728021197B9770007FF326 /* PBXTargetDependency */,
			);
			name = "UW-iPhone120-HW2-AncilMarshallTests";
			productName = "UW-iPhone120-HW2-AncilMarshallTests";
			productReference = 1D72801C197B9770007FF326 /* UW-iPhone120-HW2-AncilMarshallTests.xctest */;
			productType = "com.apple.product-type.bundle.unit-test";
		};
/* End PBXNativeTarget section */

/* Begin PBXProject section */
		1D727FF3197B9770007FF326 /* Project object */ = {
			isa = PBXProject;
			attributes = {
				CLASSPREFIX = HW2;
				LastUpgradeCheck = 0510;
				ORGANIZATIONNAME = "Ancil Marshall";
				TargetAttributes = {
					1D72801B197B9770007FF326 = {
						TestTargetID = 1D727FFA197B9770007FF326;
					};
				};
			};
			buildConfigurationList = 1D727FF6197B9770007FF326 /* Build configuration list for PBXProject "UW-iPhone120-HW2-AncilMarshall" */;
			compatibilityVersion = "Xcode 3.2";
			developmentRegion = English;
			hasScannedForEncodings = 0;
			knownRegions = (
				en,
				Base,
			);
			mainGroup = 1D727FF2197B9770007FF326;
			productRefGroup = 1D727FFC197B9770007FF326 /* Products */;
			projectDirPath = "";
			projectRoot = "";
			targets = (
				1D727FFA197B9770007FF326 /* UW-iPhone120-HW2-AncilMarshall */,
				1D72801B197B9770007FF326 /* UW-iPhone120-HW2-AncilMarshallTests */,
			);
		};
/* End PBXProject section */

/* Begin PBXResourcesBuildPhase section */
		1D727FF9197B9770007FF326 /* Resources */ = {
			isa = PBXResourcesBuildPhase;
			buildActionMask = 2147483647;
			files = (
				1D728009197B9770007FF326 /* InfoPlist.strings in Resources */,
				1D728017197B9770007FF326 /* Images.xcassets in Resources */,
				1D72800F197B9770007FF326 /* Credits.rtf in Resources */,
				1D728015197B9770007FF326 /* MainMenu.xib in Resources */,
			);
			runOnlyForDeploymentPostprocessing = 0;
		};
		1D72801A197B9770007FF326 /* Resources */ = {
			isa = PBXResourcesBuildPhase;
			buildActionMask = 2147483647;
			files = (
				1D728027197B9770007FF326 /* InfoPlist.strings in Resources */,
			);
			runOnlyForDeploymentPostprocessing = 0;
		};
/* End PBXResourcesBuildPhase section */

/* Begin PBXSourcesBuildPhase section */
		1D727FF7197B9770007FF326 /* Sources */ = {
			isa = PBXSourcesBuildPhase;
			buildActionMask = 2147483647;
			files = (
				1D728012197B9770007FF326 /* HW2AppDelegate.m in Sources */,
				1D728034197B996C007FF326 /* HW2TodoItem.m in Sources */,
				1D72800B197B9770007FF326 /* main.m in Sources */,
				1D728037197BA5ED007FF326 /* HW2TodoList.m in Sources */,
			);
			runOnlyForDeploymentPostprocessing = 0;
		};
		1D728018197B9770007FF326 /* Sources */ = {
			isa = PBXSourcesBuildPhase;
			buildActionMask = 2147483647;
			files = (
				1D728029197B9770007FF326 /* UW_iPhone120_HW2_AncilMarshallTests.m in Sources */,
			);
			runOnlyForDeploymentPostprocessing = 0;
		};
/* End PBXSourcesBuildPhase section */

/* Begin PBXTargetDependency section */
		1D728021197B9770007FF326 /* PBXTargetDependency */ = {
			isa = PBXTargetDependency;
			target = 1D727FFA197B9770007FF326 /* UW-iPhone120-HW2-AncilMarshall */;
			targetProxy = 1D728020197B9770007FF326 /* PBXContainerItemProxy */;
		};
/* End PBXTargetDependency section */

/* Begin PBXVariantGroup section */
		1D728007197B9770007FF326 /* InfoPlist.strings */ = {
			isa = PBXVariantGroup;
			children = (
				1D728008197B9770007FF326 /* en */,
			);
			name = InfoPlist.strings;
			sourceTree = "<group>";
		};
		1D72800D197B9770007FF326 /* Credits.rtf */ = {
			isa = PBXVariantGroup;
			children = (
				1D72800E197B9770007FF326 /* en */,
			);
			name = Credits.rtf;
			sourceTree = "<group>";
		};
		1D728013197B9770007FF326 /* MainMenu.xib */ = {
			isa = PBXVariantGroup;
			children = (
				1D728014197B9770007FF326 /* Base */,
			);
			name = MainMenu.xib;
			sourceTree = "<group>";
		};
		1D728025197B9770007FF326 /* InfoPlist.strings */ = {
			isa = PBXVariantGroup;
			children = (
				1D728026197B9770007FF326 /* en */,
			);
			name = InfoPlist.strings;
			sourceTree = "<group>";
		};
/* End PBXVariantGroup section */

/* Begin XCBuildConfiguration section */
		1D72802A197B9770007FF326 /* Debug */ = {
			isa = XCBuildConfiguration;
			buildSettings = {
				ALWAYS_SEARCH_USER_PATHS = NO;
				CLANG_CXX_LANGUAGE_STANDARD = "gnu++0x";
				CLANG_CXX_LIBRARY = "libc++";
				CLANG_ENABLE_MODULES = YES;
				CLANG_ENABLE_OBJC_ARC = YES;
				CLANG_WARN_BOOL_CONVERSION = YES;
				CLANG_WARN_CONSTANT_CONVERSION = YES;
				CLANG_WARN_DIRECT_OBJC_ISA_USAGE = YES_ERROR;
				CLANG_WARN_EMPTY_BODY = YES;
				CLANG_WARN_ENUM_CONVERSION = YES;
				CLANG_WARN_INT_CONVERSION = YES;
				CLANG_WARN_OBJC_ROOT_CLASS = YES_ERROR;
				CLANG_WARN__DUPLICATE_METHOD_MATCH = YES;
				COPY_PHASE_STRIP = NO;
				GCC_C_LANGUAGE_STANDARD = gnu99;
				GCC_DYNAMIC_NO_PIC = NO;
				GCC_ENABLE_OBJC_EXCEPTIONS = YES;
				GCC_OPTIMIZATION_LEVEL = 0;
				GCC_PREPROCESSOR_DEFINITIONS = (
					"DEBUG=1",
					"$(inherited)",
				);
				GCC_SYMBOLS_PRIVATE_EXTERN = NO;
				GCC_WARN_64_TO_32_BIT_CONVERSION = YES;
				GCC_WARN_ABOUT_RETURN_TYPE = YES_ERROR;
				GCC_WARN_UNDECLARED_SELECTOR = YES;
				GCC_WARN_UNINITIALIZED_AUTOS = YES_AGGRESSIVE;
				GCC_WARN_UNUSED_FUNCTION = YES;
				GCC_WARN_UNUSED_VARIABLE = YES;
				MACOSX_DEPLOYMENT_TARGET = 10.9;
				ONLY_ACTIVE_ARCH = YES;
				SDKROOT = macosx;
			};
			name = Debug;
		};
		1D72802B197B9770007FF326 /* Release */ = {
			isa = XCBuildConfiguration;
			buildSettings = {
				ALWAYS_SEARCH_USER_PATHS = NO;
				CLANG_CXX_LANGUAGE_STANDARD = "gnu++0x";
				CLANG_CXX_LIBRARY = "libc++";
				CLANG_ENABLE_MODULES = YES;
				CLANG_ENABLE_OBJC_ARC = YES;
				CLANG_WARN_BOOL_CONVERSION = YES;
				CLANG_WARN_CONSTANT_CONVERSION = YES;
				CLANG_WARN_DIRECT_OBJC_ISA_USAGE = YES_ERROR;
				CLANG_WARN_EMPTY_BODY = YES;
				CLANG_WARN_ENUM_CONVERSION = YES;
				CLANG_WARN_INT_CONVERSION = YES;
				CLANG_WARN_OBJC_ROOT_CLASS = YES_ERROR;
				CLANG_WARN__DUPLICATE_METHOD_MATCH = YES;
				COPY_PHASE_STRIP = YES;
				DEBUG_INFORMATION_FORMAT = "dwarf-with-dsym";
				ENABLE_NS_ASSERTIONS = NO;
				GCC_C_LANGUAGE_STANDARD = gnu99;
				GCC_ENABLE_OBJC_EXCEPTIONS = YES;
				GCC_WARN_64_TO_32_BIT_CONVERSION = YES;
				GCC_WARN_ABOUT_RETURN_TYPE = YES_ERROR;
				GCC_WARN_UNDECLARED_SELECTOR = YES;
				GCC_WARN_UNINITIALIZED_AUTOS = YES_AGGRESSIVE;
				GCC_WARN_UNUSED_FUNCTION = YES;
				GCC_WARN_UNUSED_VARIABLE = YES;
				MACOSX_DEPLOYMENT_TARGET = 10.9;
				SDKROOT = macosx;
			};
			name = Release;
		};
		1D72802D197B9770007FF326 /* Debug */ = {
			isa = XCBuildConfiguration;
			buildSettings = {
				ASSETCATALOG_COMPILER_APPICON_NAME = AppIcon;
				COMBINE_HIDPI_IMAGES = YES;
				GCC_PRECOMPILE_PREFIX_HEADER = YES;
				GCC_PREFIX_HEADER = "UW-iPhone120-HW2-AncilMarshall/UW-iPhone120-HW2-AncilMarshall-Prefix.pch";
				INFOPLIST_FILE = "UW-iPhone120-HW2-AncilMarshall/UW-iPhone120-HW2-AncilMarshall-Info.plist";
				PRODUCT_NAME = "$(TARGET_NAME)";
				WRAPPER_EXTENSION = app;
			};
			name = Debug;
		};
		1D72802E197B9770007FF326 /* Release */ = {
			isa = XCBuildConfiguration;
			buildSettings = {
				ASSETCATALOG_COMPILER_APPICON_NAME = AppIcon;
				COMBINE_HIDPI_IMAGES = YES;
				GCC_PRECOMPILE_PREFIX_HEADER = YES;
				GCC_PREFIX_HEADER = "UW-iPhone120-HW2-AncilMarshall/UW-iPhone120-HW2-AncilMarshall-Prefix.pch";
				INFOPLIST_FILE = "UW-iPhone120-HW2-AncilMarshall/UW-iPhone120-HW2-AncilMarshall-Info.plist";
				PRODUCT_NAME = "$(TARGET_NAME)";
				WRAPPER_EXTENSION = app;
			};
			name = Release;
		};
		1D728030197B9770007FF326 /* Debug */ = {
			isa = XCBuildConfiguration;
			buildSettings = {
				BUNDLE_LOADER = "$(BUILT_PRODUCTS_DIR)/UW-iPhone120-HW2-AncilMarshall.app/Contents/MacOS/UW-iPhone120-HW2-AncilMarshall";
				COMBINE_HIDPI_IMAGES = YES;
				FRAMEWORK_SEARCH_PATHS = (
					"$(DEVELOPER_FRAMEWORKS_DIR)",
					"$(inherited)",
				);
				GCC_PRECOMPILE_PREFIX_HEADER = YES;
				GCC_PREFIX_HEADER = "UW-iPhone120-HW2-AncilMarshall/UW-iPhone120-HW2-AncilMarshall-Prefix.pch";
				GCC_PREPROCESSOR_DEFINITIONS = (
					"DEBUG=1",
					"$(inherited)",
				);
				INFOPLIST_FILE = "UW-iPhone120-HW2-AncilMarshallTests/UW-iPhone120-HW2-AncilMarshallTests-Info.plist";
				PRODUCT_NAME = "$(TARGET_NAME)";
				TEST_HOST = "$(BUNDLE_LOADER)";
				WRAPPER_EXTENSION = xctest;
			};
			name = Debug;
		};
		1D728031197B9770007FF326 /* Release */ = {
			isa = XCBuildConfiguration;
			buildSettings = {
				BUNDLE_LOADER = "$(BUILT_PRODUCTS_DIR)/UW-iPhone120-HW2-AncilMarshall.app/Contents/MacOS/UW-iPhone120-HW2-AncilMarshall";
				COMBINE_HIDPI_IMAGES = YES;
				FRAMEWORK_SEARCH_PATHS = (
					"$(DEVELOPER_FRAMEWORKS_DIR)",
					"$(inherited)",
				);
				GCC_PRECOMPILE_PREFIX_HEADER = YES;
				GCC_PREFIX_HEADER = "UW-iPhone120-HW2-AncilMarshall/UW-iPhone120-HW2-AncilMarshall-Prefix.pch";
				INFOPLIST_FILE = "UW-iPhone120-HW2-AncilMarshallTests/UW-iPhone120-HW2-AncilMarshallTests-Info.plist";
				PRODUCT_NAME = "$(TARGET_NAME)";
				TEST_HOST = "$(BUNDLE_LOADER)";
				WRAPPER_EXTENSION = xctest;
			};
			name = Release;
		};
/* End XCBuildConfiguration section */

/* Begin XCConfigurationList section */
		1D727FF6197B9770007FF326 /* Build configuration list for PBXProject "UW-iPhone120-HW2-AncilMarshall" */ = {
			isa = XCConfigurationList;
			buildConfigurations = (
				1D72802A197B9770007FF326 /* Debug */,
				1D72802B197B9770007FF326 /* Release */,
			);
			defaultConfigurationIsVisible = 0;
			defaultConfigurationName = Release;
		};
		1D72802C197B9770007FF326 /* Build configuration list for PBXNativeTarget "UW-iPhone120-HW2-AncilMarshall" */ = {
			isa = XCConfigurationList;
			buildConfigurations = (
				1D72802D197B9770007FF326 /* Debug */,
				1D72802E197B9770007FF326 /* Release */,
			);
			defaultConfigurationIsVisible = 0;
		};
		1D72802F197B9770007FF326 /* Build configuration list for PBXNativeTarget "UW-iPhone120-HW2-AncilMarshallTests" */ = {
			isa = XCConfigurationList;
			buildConfigurations = (
				1D728030197B9770007FF326 /* Debug */,
				1D728031197B9770007FF326 /* Release */,
			);
			defaultConfigurationIsVisible = 0;
		};
/* End XCConfigurationList section */
	};
	rootObject = 1D727FF3197B9770007FF326 /* Project object */;
}
